
Microsoft Visual Studio Solution File, Format Version 12.00
# Visual Studio Version 16
VisualStudioVersion = 16.0.29709.97
MinimumVisualStudioVersion = 10.0.40219.1
Project("{FAE04EC0-301F-11D3-BF4B-00C04F79EFBC}") = "WindowsFormsApp3", "WindowsFormsApp3\WindowsFormsApp3.csproj", "{948EF464-AC90-4524-85D4-810B80ECD9FC}"
EndProject
Project("{FAE04EC0-301F-11D3-BF4B-00C04F79EFBC}") = "ConsoleApp21", "..\ConsoleApp21\ConsoleApp21\ConsoleApp21.csproj", "{2B2AA654-BEAF-4550-AED9-C85B71149842}"
EndProject
Global
	GlobalSection(SolutionConfigurationPlatforms) = preSolution
		Debug|Any CPU = Debug|Any CPU
		Release|Any CPU = Release|Any CPU
	EndGlobalSection
	GlobalSection(ProjectConfigurationPlatforms) = postSolution
		{948EF464-AC90-4524-85D4-810B80ECD9FC}.Debug|Any CPU.ActiveCfg = Debug|Any CPU
		{948EF464-AC90-4524-85D4-810B80ECD9FC}.Debug|Any CPU.Build.0 = Debug|Any CPU
		{948EF464-AC90-4524-85D4-810B80ECD9FC}.Release|Any CPU.ActiveCfg = Release|Any CPU
		{948EF464-AC90-4524-85D4-810B80ECD9FC}.Release|Any CPU.Build.0 = Release|Any CPU
		{2B2AA654-BEAF-4550-AED9-C85B71149842}.Debug|Any CPU.ActiveCfg = Debug|Any CPU
		{2B2AA654-BEAF-4550-AED9-C85B71149842}.Debug|Any CPU.Build.0 = Debug|Any CPU
		{2B2AA654-BEAF-4550-AED9-C85B71149842}.Release|Any CPU.ActiveCfg = Release|Any CPU
		{2B2AA654-BEAF-4550-AED9-C85B71149842}.Release|Any CPU.Build.0 = Release|Any CPU
	EndGlobalSection
	GlobalSection(SolutionProperties) = preSolution
		HideSolutionNode = FALSE
	EndGlobalSection
	GlobalSection(ExtensibilityGlobals) = postSolution
		SolutionGuid = {290911AE-348B-4987-A569-7940FA560C0B}
	EndGlobalSection
EndGlobal
